{
    "_readme": [
        "This file locks the dependencies of your project to a known state",
        "Read more about it at https://getcomposer.org/doc/01-basic-usage.md#installing-dependencies",
        "This file is @generated automatically"
    ],
    "content-hash": "775f06d878467b58cf252047e5291b4e",
    "packages": [
        {
            "name": "dompdf/dompdf",
            "version": "v0.6.2",
            "source": {
                "type": "git",
                "url": "https://github.com/dompdf/dompdf.git",
                "reference": "cc06008f75262510ee135b8cbb14e333a309f651"
            },
            "dist": {
                "type": "zip",
                "url": "https://api.github.com/repos/dompdf/dompdf/zipball/cc06008f75262510ee135b8cbb14e333a309f651",
                "reference": "cc06008f75262510ee135b8cbb14e333a309f651",
                "shasum": ""
            },
            "require": {
                "phenx/php-font-lib": "0.2.*"
            },
            "type": "library",
            "autoload": {
                "classmap": [
                    "include/"
                ]
            },
            "notification-url": "https://packagist.org/downloads/",
            "license": [
                "LGPL"
            ],
            "authors": [
                {
                    "name": "Fabien Ménager",
                    "email": "fabien.menager@gmail.com"
                },
                {
                    "name": "Brian Sweeney",
                    "email": "eclecticgeek@gmail.com"
                }
            ],
            "description": "DOMPDF is a CSS 2.1 compliant HTML to PDF converter",
            "homepage": "https://github.com/dompdf/dompdf",
            "support": {
                "issues": "https://github.com/dompdf/dompdf/issues",
                "source": "https://github.com/dompdf/dompdf/tree/master"
            },
            "time": "2015-12-07T04:07:13+00:00"
        },
        {
            "name": "josantonius/session",
            "version": "1.1.9",
            "source": {
                "type": "git",
                "url": "https://github.com/josantonius/php-session.git",
                "reference": "b393eb90c249ef0596e79e7cf9e5de39bad6fe91"
            },
            "dist": {
                "type": "zip",
                "url": "https://api.github.com/repos/josantonius/php-session/zipball/b393eb90c249ef0596e79e7cf9e5de39bad6fe91",
                "reference": "b393eb90c249ef0596e79e7cf9e5de39bad6fe91",
                "shasum": ""
            },
            "require": {
                "php": "^5.6 || ^7.0"
            },
            "require-dev": {
                "phpmd/phpmd": "^2.6",
                "phpunit/phpunit": "^5.7 || ^6.0",
                "squizlabs/php_codesniffer": "^3.7"
            },
            "type": "library",
            "extra": {
                "branch-alias": {
                    "dev-master": "1.0-dev"
                }
            },
            "autoload": {
                "psr-4": {
                    "Josantonius\\Session\\": "src/"
                }
            },
            "notification-url": "https://packagist.org/downloads/",
            "license": [
                "MIT"
            ],
            "authors": [
                {
                    "name": "Josantonius",
                    "email": "hello@josantonius.dev",
                    "homepage": "https://josantonius.dev",
                    "role": "Developer"
                }
            ],
            "description": "PHP library for handling sessions.",
            "keywords": [
                "php",
                "session"
            ],
            "support": {
                "forum": "http://stackoverflow.com/tags/josantonius/php-session",
                "issues": "https://github.com/josantonius/php-session/issues",
                "source": "https://github.com/josantonius/php-session"
            },
            "funding": [
                {
                    "url": "https://github.com/Josantonius",
                    "type": "github"
                }
            ],
            "time": "2022-06-21T11:31:18+00:00"
        },
        {
            "name": "joshcam/mysqli-database-class",
            "version": "v2.9.3",
            "source": {
                "type": "git",
                "url": "https://github.com/ThingEngineer/PHP-MySQLi-Database-Class.git",
                "reference": "03dbce1c7f1c9def315ad8ef52e1f5c0a806d6ed"
            },
            "dist": {
                "type": "zip",
                "url": "https://api.github.com/repos/ThingEngineer/PHP-MySQLi-Database-Class/zipball/03dbce1c7f1c9def315ad8ef52e1f5c0a806d6ed",
                "reference": "03dbce1c7f1c9def315ad8ef52e1f5c0a806d6ed",
                "shasum": ""
            },
            "require": {
                "php": ">=5.3.0"
            },
            "type": "library",
            "autoload": {
                "files": [
                    "MysqliDb.php",
                    "dbObject.php"
                ]
            },
            "notification-url": "https://packagist.org/downloads/",
            "license": [
                "GPL-3.0-or-later"
            ],
            "authors": [
                {
                    "name": "Josh Campbell",
                    "email": "josh.lee.campbell@gmail.com",
                    "homepage": "https://github.com/thingengineer",
                    "role": "Developer"
                },
                {
                    "name": "Alexander V. Butenko",
                    "email": "a.butenka@gmail.com",
                    "homepage": "http://smarttechdo.com",
                    "role": "Developer"
                }
            ],
            "description": "PHP MySQL Wrapper and object mapper which utilizes MySQLi and prepared statements",
            "support": {
                "issues": "https://github.com/ThingEngineer/PHP-MySQLi-Database-Class/issues",
                "source": "https://github.com/ThingEngineer/PHP-MySQLi-Database-Class/tree/v2.9.3"
            },
            "time": "2019-08-24T09:28:56+00:00"
        },
        {
            "name": "mpdf/mpdf",
            "version": "v5.7.4",
            "source": {
                "type": "git",
                "url": "https://github.com/mpdf/mpdf.git",
                "reference": "f9a374c7ea975ce8c795cec4dfd17ef55addac9c"
            },
            "dist": {
                "type": "zip",
                "url": "https://api.github.com/repos/mpdf/mpdf/zipball/f9a374c7ea975ce8c795cec4dfd17ef55addac9c",
                "reference": "f9a374c7ea975ce8c795cec4dfd17ef55addac9c",
                "shasum": ""
            },
            "require": {
                "ext-mbstring": "*",
                "php": ">=4.3.10"
            },
            "type": "library",
            "autoload": {
                "classmap": [
                    "mpdf.php",
                    "classes"
                ]
            },
            "notification-url": "https://packagist.org/downloads/",
            "license": [
                "GPL-1.0+"
            ],
            "authors": [
                {
                    "name": "Ian Back"
                }
            ],
            "description": "A PHP class to generate PDF files from HTML with Unicode/UTF-8 and CJK support",
            "homepage": "http://www.mpdf1.com/mpdf/index.php",
            "keywords": [
                "pdf",
                "php",
                "utf-8"
            ],
            "support": {
                "issues": "https://github.com/mpdf/mpdf/issues",
                "source": "https://github.com/mpdf/mpdf/tree/v5.7.4"
            },
            "time": "2014-12-14T18:32:11+00:00"
        },
        {
            "name": "phenx/php-font-lib",
            "version": "0.2.2",
            "source": {
                "type": "git",
                "url": "https://github.com/PhenX/php-font-lib.git",
                "reference": "c30c7fc00a6b0d863e9bb4c5d5dd015298b2dc82"
            },
            "dist": {
                "type": "zip",
                "url": "https://api.github.com/repos/PhenX/php-font-lib/zipball/c30c7fc00a6b0d863e9bb4c5d5dd015298b2dc82",
                "reference": "c30c7fc00a6b0d863e9bb4c5d5dd015298b2dc82",
                "shasum": ""
            },
            "type": "library",
            "autoload": {
                "classmap": [
                    "classes/"
                ]
            },
            "notification-url": "https://packagist.org/downloads/",
            "license": [
                "LGPL"
            ],
            "authors": [
                {
                    "name": "Fabien Ménager",
                    "email": "fabien.menager@gmail.com"
                }
            ],
            "description": "A library to read, parse, export and make subsets of different types of font files.",
            "homepage": "https://github.com/PhenX/php-font-lib",
            "support": {
                "issues": "https://github.com/PhenX/php-font-lib/issues",
                "source": "https://github.com/PhenX/php-font-lib/tree/master"
            },
            "time": "2014-02-01T15:22:28+00:00"
        },
        {
            "name": "verot/class.upload.php",
            "version": "dev-master",
            "source": {
                "type": "git",
                "url": "https://github.com/verot/class.upload.php.git",
                "reference": "d8522fdaba5c86d74301f908da66b7814efa4960"
            },
            "dist": {
                "type": "zip",
                "url": "https://api.github.com/repos/verot/class.upload.php/zipball/d8522fdaba5c86d74301f908da66b7814efa4960",
                "reference": "d8522fdaba5c86d74301f908da66b7814efa4960",
                "shasum": ""
            },
            "require": {
                "php": ">=5.3"
            },
            "default-branch": true,
            "type": "library",
            "autoload": {
                "classmap": [
                    "src/class.upload.php"
                ]
            },
            "notification-url": "https://packagist.org/downloads/",
            "license": [
                "GPL-2.0-only"
            ],
            "authors": [
                {
                    "name": "Colin Verot",
                    "email": "colin@verot.net"
                }
            ],
            "description": "This PHP class uploads files and manipulates images very easily.",
            "homepage": "http://www.verot.net/php_class_upload.htm",
            "keywords": [
                "gd",
                "upload"
            ],
            "support": {
                "email": "colin@verot.net",
                "issues": "https://github.com/verot/class.upload.php/issues",
                "source": "https://github.com/verot/class.upload.php/tree/master"
            },
            "time": "2022-12-09T09:21:37+00:00"
        }
    ],
    "packages-dev": [],
    "aliases": [],
    "minimum-stability": "stable",
    "stability-flags": {
        "verot/class.upload.php": 20
    },
    "prefer-stable": false,
    "prefer-lowest": false,
    "platform": [],
    "platform-dev": [],
    "plugin-api-version": "2.3.0"
}
